{
    "name": "hkmodlinks-record",
    "lockfileVersion": 2,
    "requires": true,
    "packages": {
        "": {
            "name": "hkmodlinks-record",
            "dependencies": {
                "axios": "^1.2.1",
                "fs-extra": "^11.1.0",
                "tsxml": "^0.1.0"
            },
            "devDependencies": {
                "@types/compression": "^1.7.2",
                "@types/fs-extra": "^9.0.13",
                "@types/node": "^18.11.12",
                "compressing": "^1.6.3",
                "typescript": "^4.9.4"
            }
        },
        "node_modules/@types/body-parser": {
            "version": "1.19.2",
            "resolved": "https://registry.npmjs.org/@types/body-parser/-/body-parser-1.19.2.tgz",
            "integrity": "sha512-ALYone6pm6QmwZoAgeyNksccT9Q4AWZQ6PvfwR37GT6r6FWUPguq6sUmNGSMV2Wr761oQoBxwGGa6DR5o1DC9g==",
            "dev": true,
            "dependencies": {
                "@types/connect": "*",
                "@types/node": "*"
            }
        },
        "node_modules/@types/compression": {
            "version": "1.7.2",
            "resolved": "https://registry.npmjs.org/@types/compression/-/compression-1.7.2.tgz",
            "integrity": "sha512-lwEL4M/uAGWngWFLSG87ZDr2kLrbuR8p7X+QZB1OQlT+qkHsCPDVFnHPyXf4Vyl4yDDorNY+mAhosxkCvppatg==",
            "dev": true,
            "dependencies": {
                "@types/express": "*"
            }
        },
        "node_modules/@types/connect": {
            "version": "3.4.35",
            "resolved": "https://registry.npmjs.org/@types/connect/-/connect-3.4.35.tgz",
            "integrity": "sha512-cdeYyv4KWoEgpBISTxWvqYsVy444DOqehiF3fM3ne10AmJ62RSyNkUnxMJXHQWRQQX2eR94m5y1IZyDwBjV9FQ==",
            "dev": true,
            "dependencies": {
                "@types/node": "*"
            }
        },
        "node_modules/@types/express": {
            "version": "4.17.15",
            "resolved": "https://registry.npmjs.org/@types/express/-/express-4.17.15.tgz",
            "integrity": "sha512-Yv0k4bXGOH+8a+7bELd2PqHQsuiANB+A8a4gnQrkRWzrkKlb6KHaVvyXhqs04sVW/OWlbPyYxRgYlIXLfrufMQ==",
            "dev": true,
            "dependencies": {
                "@types/body-parser": "*",
                "@types/express-serve-static-core": "^4.17.31",
                "@types/qs": "*",
                "@types/serve-static": "*"
            }
        },
        "node_modules/@types/express-serve-static-core": {
            "version": "4.17.32",
            "resolved": "https://registry.npmjs.org/@types/express-serve-static-core/-/express-serve-static-core-4.17.32.tgz",
            "integrity": "sha512-aI5h/VOkxOF2Z1saPy0Zsxs5avets/iaiAJYznQFm5By/pamU31xWKL//epiF4OfUA2qTOc9PV6tCUjhO8wlZA==",
            "dev": true,
            "dependencies": {
                "@types/node": "*",
                "@types/qs": "*",
                "@types/range-parser": "*"
            }
        },
        "node_modules/@types/fs-extra": {
            "version": "9.0.13",
            "resolved": "https://registry.npmmirror.com/@types/fs-extra/-/fs-extra-9.0.13.tgz",
            "integrity": "sha512-nEnwB++1u5lVDM2UI4c1+5R+FYaKfaAzS4OococimjVm3nQw3TuzH5UNsocrcTBbhnerblyHj4A49qXbIiZdpA==",
            "dev": true,
            "dependencies": {
                "@types/node": "*"
            }
        },
        "node_modules/@types/mime": {
            "version": "3.0.1",
            "resolved": "https://registry.npmjs.org/@types/mime/-/mime-3.0.1.tgz",
            "integrity": "sha512-Y4XFY5VJAuw0FgAqPNd6NNoV44jbq9Bz2L7Rh/J6jLTiHBSBJa9fxqQIvkIld4GsoDOcCbvzOUAbLPsSKKg+uA==",
            "dev": true
        },
        "node_modules/@types/node": {
            "version": "18.11.12",
            "resolved": "https://registry.npmmirror.com/@types/node/-/node-18.11.12.tgz",
            "integrity": "sha512-FgD3NtTAKvyMmD44T07zz2fEf+OKwutgBCEVM8GcvMGVGaDktiLNTDvPwC/LUe3PinMW+X6CuLOF2Ui1mAlSXg==",
            "dev": true
        },
        "node_modules/@types/qs": {
            "version": "6.9.7",
            "resolved": "https://registry.npmjs.org/@types/qs/-/qs-6.9.7.tgz",
            "integrity": "sha512-FGa1F62FT09qcrueBA6qYTrJPVDzah9a+493+o2PCXsesWHIn27G98TsSMs3WPNbZIEj4+VJf6saSFpvD+3Zsw==",
            "dev": true
        },
        "node_modules/@types/range-parser": {
            "version": "1.2.4",
            "resolved": "https://registry.npmjs.org/@types/range-parser/-/range-parser-1.2.4.tgz",
            "integrity": "sha512-EEhsLsD6UsDM1yFhAvy0Cjr6VwmpMWqFBCb9w07wVugF7w9nfajxLuVmngTIpgS6svCnm6Vaw+MZhoDCKnOfsw==",
            "dev": true
        },
        "node_modules/@types/serve-static": {
            "version": "1.15.0",
            "resolved": "https://registry.npmjs.org/@types/serve-static/-/serve-static-1.15.0.tgz",
            "integrity": "sha512-z5xyF6uh8CbjAu9760KDKsH2FcDxZ2tFCsA4HIMWE6IkiYMXfVoa+4f9KX+FN0ZLsaMw1WNG2ETLA6N+/YA+cg==",
            "dev": true,
            "dependencies": {
                "@types/mime": "*",
                "@types/node": "*"
            }
        },
        "node_modules/asynckit": {
            "version": "0.4.0",
            "resolved": "https://registry.npmmirror.com/asynckit/-/asynckit-0.4.0.tgz",
            "integrity": "sha512-Oei9OH4tRh0YqU3GxhX79dM/mwVgvbZJaSNaRk+bshkj0S5cfHcgYakreBjrHwatXKbz+IoIdYLxrKim2MjW0Q=="
        },
        "node_modules/axios": {
            "version": "1.2.1",
            "resolved": "https://registry.npmmirror.com/axios/-/axios-1.2.1.tgz",
            "integrity": "sha512-I88cFiGu9ryt/tfVEi4kX2SITsvDddTajXTOFmt2uK1ZVA8LytjtdeyefdQWEf5PU8w+4SSJDoYnggflB5tW4A==",
            "dependencies": {
                "follow-redirects": "^1.15.0",
                "form-data": "^4.0.0",
                "proxy-from-env": "^1.1.0"
            }
        },
        "node_modules/bl": {
            "version": "1.2.3",
            "resolved": "https://registry.npmjs.org/bl/-/bl-1.2.3.tgz",
            "integrity": "sha512-pvcNpa0UU69UT341rO6AYy4FVAIkUHuZXRIWbq+zHnsVcRzDDjIAhGuuYoi0d//cwIwtt4pkpKycWEfjdV+vww==",
            "dev": true,
            "dependencies": {
                "readable-stream": "^2.3.5",
                "safe-buffer": "^5.1.1"
            }
        },
        "node_modules/buffer-alloc": {
            "version": "1.2.0",
            "resolved": "https://registry.npmjs.org/buffer-alloc/-/buffer-alloc-1.2.0.tgz",
            "integrity": "sha512-CFsHQgjtW1UChdXgbyJGtnm+O/uLQeZdtbDo8mfUgYXCHSM1wgrVxXm6bSyrUuErEb+4sYVGCzASBRot7zyrow==",
            "dev": true,
            "dependencies": {
                "buffer-alloc-unsafe": "^1.1.0",
                "buffer-fill": "^1.0.0"
            }
        },
        "node_modules/buffer-alloc-unsafe": {
            "version": "1.1.0",
            "resolved": "https://registry.npmjs.org/buffer-alloc-unsafe/-/buffer-alloc-unsafe-1.1.0.tgz",
            "integrity": "sha512-TEM2iMIEQdJ2yjPJoSIsldnleVaAk1oW3DBVUykyOLsEsFmEc9kn+SFFPz+gl54KQNxlDnAwCXosOS9Okx2xAg==",
            "dev": true
        },
        "node_modules/buffer-crc32": {
            "version": "0.2.13",
            "resolved": "https://registry.npmjs.org/buffer-crc32/-/buffer-crc32-0.2.13.tgz",
            "integrity": "sha512-VO9Ht/+p3SN7SKWqcrgEzjGbRSJYTx+Q1pTQC0wrWqHx0vpJraQ6GtHx8tvcg1rlK1byhU5gccxgOgj7B0TDkQ==",
            "dev": true,
            "engines": {
                "node": "*"
            }
        },
        "node_modules/buffer-fill": {
            "version": "1.0.0",
            "resolved": "https://registry.npmjs.org/buffer-fill/-/buffer-fill-1.0.0.tgz",
            "integrity": "sha512-T7zexNBwiiaCOGDg9xNX9PBmjrubblRkENuptryuI64URkXDFum9il/JGL8Lm8wYfAXpredVXXZz7eMHilimiQ==",
            "dev": true
        },
        "node_modules/combined-stream": {
            "version": "1.0.8",
            "resolved": "https://registry.npmmirror.com/combined-stream/-/combined-stream-1.0.8.tgz",
            "integrity": "sha512-FQN4MRfuJeHf7cBbBMJFXhKSDq+2kAArBlmRBvcvFE5BB1HZKXtSFASDhdlz9zOYwxh8lDdnvmMOe/+5cdoEdg==",
            "dependencies": {
                "delayed-stream": "~1.0.0"
            },
            "engines": {
                "node": ">= 0.8"
            }
        },
        "node_modules/compressing": {
            "version": "1.6.3",
            "resolved": "https://registry.npmjs.org/compressing/-/compressing-1.6.3.tgz",
            "integrity": "sha512-BPkE937R8kXT1k55PgnVgMpCAs4Ws5ZgROx+qZEaYIi0tA4nvB9s5HAX/YH5suYp9njGGJOKEAOHhB3OQ5/IJA==",
            "dev": true,
            "dependencies": {
                "flushwritable": "^1.0.0",
                "get-ready": "^1.0.0",
                "iconv-lite": "^0.5.0",
                "mkdirp": "^0.5.1",
                "pump": "^3.0.0",
                "streamifier": "^0.1.1",
                "tar-stream": "^1.5.2",
                "yauzl": "^2.7.0",
                "yazl": "^2.4.2"
            },
            "engines": {
                "node": ">= 4.0.0"
            }
        },
        "node_modules/core-util-is": {
            "version": "1.0.3",
            "resolved": "https://registry.npmjs.org/core-util-is/-/core-util-is-1.0.3.tgz",
            "integrity": "sha512-ZQBvi1DcpJ4GDqanjucZ2Hj3wEO5pZDS89BWbkcrvdxksJorwUDDZamX9ldFkp9aw2lmBDLgkObEA4DWNJ9FYQ==",
            "dev": true
        },
        "node_modules/delayed-stream": {
            "version": "1.0.0",
            "resolved": "https://registry.npmmirror.com/delayed-stream/-/delayed-stream-1.0.0.tgz",
            "integrity": "sha512-ZySD7Nf91aLB0RxL4KGrKHBXl7Eds1DAmEdcoVawXnLD7SDhpNgtuII2aAkg7a7QS41jxPSZ17p4VdGnMHk3MQ==",
            "engines": {
                "node": ">=0.4.0"
            }
        },
        "node_modules/end-of-stream": {
            "version": "1.4.4",
            "resolved": "https://registry.npmjs.org/end-of-stream/-/end-of-stream-1.4.4.tgz",
            "integrity": "sha512-+uw1inIHVPQoaVuHzRyXd21icM+cnt4CzD5rW+NC1wjOUSTOs+Te7FOv7AhN7vS9x/oIyhLP5PR1H+phQAHu5Q==",
            "dev": true,
            "dependencies": {
                "once": "^1.4.0"
            }
        },
        "node_modules/fd-slicer": {
            "version": "1.1.0",
            "resolved": "https://registry.npmjs.org/fd-slicer/-/fd-slicer-1.1.0.tgz",
            "integrity": "sha512-cE1qsB/VwyQozZ+q1dGxR8LBYNZeofhEdUNGSMbQD3Gw2lAzX9Zb3uIU6Ebc/Fmyjo9AWWfnn0AUCHqtevs/8g==",
            "dev": true,
            "dependencies": {
                "pend": "~1.2.0"
            }
        },
        "node_modules/flushwritable": {
            "version": "1.0.0",
            "resolved": "https://registry.npmjs.org/flushwritable/-/flushwritable-1.0.0.tgz",
            "integrity": "sha512-3VELfuWCLVzt5d2Gblk8qcqFro6nuwvxwMzHaENVDHI7rxcBRtMCwTk/E9FXcgh+82DSpavPNDueA9+RxXJoFg==",
            "dev": true
        },
        "node_modules/follow-redirects": {
            "version": "1.15.2",
            "resolved": "https://registry.npmmirror.com/follow-redirects/-/follow-redirects-1.15.2.tgz",
            "integrity": "sha512-VQLG33o04KaQ8uYi2tVNbdrWp1QWxNNea+nmIB4EVM28v0hmP17z7aG1+wAkNzVq4KeXTq3221ye5qTJP91JwA==",
            "engines": {
                "node": ">=4.0"
            },
            "peerDependenciesMeta": {
                "debug": {
                    "optional": true
                }
            }
        },
        "node_modules/form-data": {
            "version": "4.0.0",
            "resolved": "https://registry.npmmirror.com/form-data/-/form-data-4.0.0.tgz",
            "integrity": "sha512-ETEklSGi5t0QMZuiXoA/Q6vcnxcLQP5vdugSpuAyi6SVGi2clPPp+xgEhuMaHC+zGgn31Kd235W35f7Hykkaww==",
            "dependencies": {
                "asynckit": "^0.4.0",
                "combined-stream": "^1.0.8",
                "mime-types": "^2.1.12"
            },
            "engines": {
                "node": ">= 6"
            }
        },
        "node_modules/fs-constants": {
            "version": "1.0.0",
            "resolved": "https://registry.npmjs.org/fs-constants/-/fs-constants-1.0.0.tgz",
            "integrity": "sha512-y6OAwoSIf7FyjMIv94u+b5rdheZEjzR63GTyZJm5qh4Bi+2YgwLCcI/fPFZkL5PSixOt6ZNKm+w+Hfp/Bciwow==",
            "dev": true
        },
        "node_modules/fs-extra": {
            "version": "11.1.0",
            "resolved": "https://registry.npmmirror.com/fs-extra/-/fs-extra-11.1.0.tgz",
            "integrity": "sha512-0rcTq621PD5jM/e0a3EJoGC/1TC5ZBCERW82LQuwfGnCa1V8w7dpYH1yNu+SLb6E5dkeCBzKEyLGlFrnr+dUyw==",
            "dependencies": {
                "graceful-fs": "^4.2.0",
                "jsonfile": "^6.0.1",
                "universalify": "^2.0.0"
            },
            "engines": {
                "node": ">=14.14"
            }
        },
        "node_modules/get-ready": {
            "version": "1.0.0",
            "resolved": "https://registry.npmjs.org/get-ready/-/get-ready-1.0.0.tgz",
            "integrity": "sha512-mFXCZPJIlcYcth+N8267+mghfYN9h3EhsDa6JSnbA3Wrhh/XFpuowviFcsDeYZtKspQyWyJqfs4O6P8CHeTwzw==",
            "dev": true
        },
        "node_modules/graceful-fs": {
            "version": "4.2.10",
            "resolved": "https://registry.npmmirror.com/graceful-fs/-/graceful-fs-4.2.10.tgz",
            "integrity": "sha512-9ByhssR2fPVsNZj478qUUbKfmL0+t5BDVyjShtyZZLiK7ZDAArFFfopyOTj0M05wE2tJPisA4iTnnXl2YoPvOA=="
        },
        "node_modules/iconv-lite": {
            "version": "0.5.2",
            "resolved": "https://registry.npmjs.org/iconv-lite/-/iconv-lite-0.5.2.tgz",
            "integrity": "sha512-kERHXvpSaB4aU3eANwidg79K8FlrN77m8G9V+0vOR3HYaRifrlwMEpT7ZBJqLSEIHnEgJTHcWK82wwLwwKwtag==",
            "dev": true,
            "dependencies": {
                "safer-buffer": ">= 2.1.2 < 3"
            },
            "engines": {
                "node": ">=0.10.0"
            }
        },
        "node_modules/inherits": {
            "version": "2.0.4",
            "resolved": "https://registry.npmjs.org/inherits/-/inherits-2.0.4.tgz",
            "integrity": "sha512-k/vGaX4/Yla3WzyMCvTQOXYeIHvqOKtnqBduzTHpzpQZzAskKMhZ2K+EnBiSM9zGSoIFeMpXKxa4dYeZIQqewQ==",
            "dev": true
        },
        "node_modules/isarray": {
            "version": "1.0.0",
            "resolved": "https://registry.npmjs.org/isarray/-/isarray-1.0.0.tgz",
            "integrity": "sha512-VLghIWNM6ELQzo7zwmcg0NmTVyWKYjvIeM83yjp0wRDTmUnrM678fQbcKBo6n2CJEF0szoG//ytg+TKla89ALQ==",
            "dev": true
        },
        "node_modules/jsonfile": {
            "version": "6.1.0",
            "resolved": "https://registry.npmmirror.com/jsonfile/-/jsonfile-6.1.0.tgz",
            "integrity": "sha512-5dgndWOriYSm5cnYaJNhalLNDKOqFwyDB/rr1E9ZsGciGvKPs8R2xYGCacuf3z6K1YKDz182fd+fY3cn3pMqXQ==",
            "dependencies": {
                "universalify": "^2.0.0"
            },
            "optionalDependencies": {
                "graceful-fs": "^4.1.6"
            }
        },
        "node_modules/mime-db": {
            "version": "1.52.0",
            "resolved": "https://registry.npmmirror.com/mime-db/-/mime-db-1.52.0.tgz",
            "integrity": "sha512-sPU4uV7dYlvtWJxwwxHD0PuihVNiE7TyAbQ5SWxDCB9mUYvOgroQOwYQQOKPJ8CIbE+1ETVlOoK1UC2nU3gYvg==",
            "engines": {
                "node": ">= 0.6"
            }
        },
        "node_modules/mime-types": {
            "version": "2.1.35",
            "resolved": "https://registry.npmmirror.com/mime-types/-/mime-types-2.1.35.tgz",
            "integrity": "sha512-ZDY+bPm5zTTF+YpCrAU9nK0UgICYPT0QtT1NZWFv4s++TNkcgVaT0g6+4R2uI4MjQjzysHB1zxuWL50hzaeXiw==",
            "dependencies": {
                "mime-db": "1.52.0"
            },
            "engines": {
                "node": ">= 0.6"
            }
        },
        "node_modules/minimist": {
            "version": "1.2.7",
            "resolved": "https://registry.npmjs.org/minimist/-/minimist-1.2.7.tgz",
            "integrity": "sha512-bzfL1YUZsP41gmu/qjrEk0Q6i2ix/cVeAhbCbqH9u3zYutS1cLg00qhrD0M2MVdCcx4Sc0UpP2eBWo9rotpq6g==",
            "dev": true,
            "funding": {
                "url": "https://github.com/sponsors/ljharb"
            }
        },
        "node_modules/mkdirp": {
            "version": "0.5.6",
            "resolved": "https://registry.npmjs.org/mkdirp/-/mkdirp-0.5.6.tgz",
            "integrity": "sha512-FP+p8RB8OWpF3YZBCrP5gtADmtXApB5AMLn+vdyA+PyxCjrCs00mjyUozssO33cwDeT3wNGdLxJ5M//YqtHAJw==",
            "dev": true,
            "dependencies": {
                "minimist": "^1.2.6"
            },
            "bin": {
                "mkdirp": "bin/cmd.js"
            }
        },
        "node_modules/once": {
            "version": "1.4.0",
            "resolved": "https://registry.npmjs.org/once/-/once-1.4.0.tgz",
            "integrity": "sha512-lNaJgI+2Q5URQBkccEKHTQOPaXdUxnZZElQTZY0MFUAuaEqe1E+Nyvgdz/aIyNi6Z9MzO5dv1H8n58/GELp3+w==",
            "dev": true,
            "dependencies": {
                "wrappy": "1"
            }
        },
        "node_modules/pend": {
            "version": "1.2.0",
            "resolved": "https://registry.npmjs.org/pend/-/pend-1.2.0.tgz",
            "integrity": "sha512-F3asv42UuXchdzt+xXqfW1OGlVBe+mxa2mqI0pg5yAHZPvFmY3Y6drSf/GQ1A86WgWEN9Kzh/WrgKa6iGcHXLg==",
            "dev": true
        },
        "node_modules/process-nextick-args": {
            "version": "2.0.1",
            "resolved": "https://registry.npmjs.org/process-nextick-args/-/process-nextick-args-2.0.1.tgz",
            "integrity": "sha512-3ouUOpQhtgrbOa17J7+uxOTpITYWaGP7/AhoR3+A+/1e9skrzelGi/dXzEYyvbxubEF6Wn2ypscTKiKJFFn1ag==",
            "dev": true
        },
        "node_modules/proxy-from-env": {
            "version": "1.1.0",
            "resolved": "https://registry.npmmirror.com/proxy-from-env/-/proxy-from-env-1.1.0.tgz",
            "integrity": "sha512-D+zkORCbA9f1tdWRK0RaCR3GPv50cMxcrz4X8k5LTSUD1Dkw47mKJEZQNunItRTkWwgtaUSo1RVFRIG9ZXiFYg=="
        },
        "node_modules/pump": {
            "version": "3.0.0",
            "resolved": "https://registry.npmjs.org/pump/-/pump-3.0.0.tgz",
            "integrity": "sha512-LwZy+p3SFs1Pytd/jYct4wpv49HiYCqd9Rlc5ZVdk0V+8Yzv6jR5Blk3TRmPL1ft69TxP0IMZGJ+WPFU2BFhww==",
            "dev": true,
            "dependencies": {
                "end-of-stream": "^1.1.0",
                "once": "^1.3.1"
            }
        },
        "node_modules/readable-stream": {
            "version": "2.3.7",
            "resolved": "https://registry.npmjs.org/readable-stream/-/readable-stream-2.3.7.tgz",
            "integrity": "sha512-Ebho8K4jIbHAxnuxi7o42OrZgF/ZTNcsZj6nRKyUmkhLFq8CHItp/fy6hQZuZmP/n3yZ9VBUbp4zz/mX8hmYPw==",
            "dev": true,
            "dependencies": {
                "core-util-is": "~1.0.0",
                "inherits": "~2.0.3",
                "isarray": "~1.0.0",
                "process-nextick-args": "~2.0.0",
                "safe-buffer": "~5.1.1",
                "string_decoder": "~1.1.1",
                "util-deprecate": "~1.0.1"
            }
        },
        "node_modules/readable-stream/node_modules/safe-buffer": {
            "version": "5.1.2",
            "resolved": "https://registry.npmjs.org/safe-buffer/-/safe-buffer-5.1.2.tgz",
            "integrity": "sha512-Gd2UZBJDkXlY7GbJxfsE8/nvKkUEU1G38c1siN6QP6a9PT9MmHB8GnpscSmMJSoF8LOIrt8ud/wPtojys4G6+g==",
            "dev": true
        },
        "node_modules/safe-buffer": {
            "version": "5.2.1",
            "resolved": "https://registry.npmjs.org/safe-buffer/-/safe-buffer-5.2.1.tgz",
            "integrity": "sha512-rp3So07KcdmmKbGvgaNxQSJr7bGVSVk5S9Eq1F+ppbRo70+YeaDxkw5Dd8NPN+GD6bjnYm2VuPuCXmpuYvmCXQ==",
            "dev": true,
            "funding": [
                {
                    "type": "github",
                    "url": "https://github.com/sponsors/feross"
                },
                {
                    "type": "patreon",
                    "url": "https://www.patreon.com/feross"
                },
                {
                    "type": "consulting",
                    "url": "https://feross.org/support"
                }
            ]
        },
        "node_modules/safer-buffer": {
            "version": "2.1.2",
            "resolved": "https://registry.npmjs.org/safer-buffer/-/safer-buffer-2.1.2.tgz",
            "integrity": "sha512-YZo3K82SD7Riyi0E1EQPojLz7kpepnSQI9IyPbHHg1XXXevb5dJI7tpyN2ADxGcQbHG7vcyRHk0cbwqcQriUtg==",
            "dev": true
        },
        "node_modules/streamifier": {
            "version": "0.1.1",
            "resolved": "https://registry.npmjs.org/streamifier/-/streamifier-0.1.1.tgz",
            "integrity": "sha512-zDgl+muIlWzXNsXeyUfOk9dChMjlpkq0DRsxujtYPgyJ676yQ8jEm6zzaaWHFDg5BNcLuif0eD2MTyJdZqXpdg==",
            "dev": true,
            "engines": {
                "node": ">=0.10"
            }
        },
        "node_modules/string_decoder": {
            "version": "1.1.1",
            "resolved": "https://registry.npmjs.org/string_decoder/-/string_decoder-1.1.1.tgz",
            "integrity": "sha512-n/ShnvDi6FHbbVfviro+WojiFzv+s8MPMHBczVePfUpDJLwoLT0ht1l4YwBCbi8pJAveEEdnkHyPyTP/mzRfwg==",
            "dev": true,
            "dependencies": {
                "safe-buffer": "~5.1.0"
            }
        },
        "node_modules/string_decoder/node_modules/safe-buffer": {
            "version": "5.1.2",
            "resolved": "https://registry.npmjs.org/safe-buffer/-/safe-buffer-5.1.2.tgz",
            "integrity": "sha512-Gd2UZBJDkXlY7GbJxfsE8/nvKkUEU1G38c1siN6QP6a9PT9MmHB8GnpscSmMJSoF8LOIrt8ud/wPtojys4G6+g==",
            "dev": true
        },
        "node_modules/tar-stream": {
            "version": "1.6.2",
            "resolved": "https://registry.npmjs.org/tar-stream/-/tar-stream-1.6.2.tgz",
            "integrity": "sha512-rzS0heiNf8Xn7/mpdSVVSMAWAoy9bfb1WOTYC78Z0UQKeKa/CWS8FOq0lKGNa8DWKAn9gxjCvMLYc5PGXYlK2A==",
            "dev": true,
            "dependencies": {
                "bl": "^1.0.0",
                "buffer-alloc": "^1.2.0",
                "end-of-stream": "^1.0.0",
                "fs-constants": "^1.0.0",
                "readable-stream": "^2.3.0",
                "to-buffer": "^1.1.1",
                "xtend": "^4.0.0"
            },
            "engines": {
                "node": ">= 0.8.0"
            }
        },
        "node_modules/to-buffer": {
            "version": "1.1.1",
            "resolved": "https://registry.npmjs.org/to-buffer/-/to-buffer-1.1.1.tgz",
            "integrity": "sha512-lx9B5iv7msuFYE3dytT+KE5tap+rNYw+K4jVkb9R/asAb+pbBSM17jtunHplhBe6RRJdZx3Pn2Jph24O32mOVg==",
            "dev": true
        },
        "node_modules/tsxml": {
            "version": "0.1.0",
            "resolved": "https://registry.npmmirror.com/tsxml/-/tsxml-0.1.0.tgz",
            "integrity": "sha512-jBHz0P3aWGjGDEnpSHYis126DtigXBGd/Gmy27/v2E50KX2a72sGDf2yK4U9IuOrnq4TsoQ+xWFLWOCyHX+ljg=="
        },
        "node_modules/typescript": {
            "version": "4.9.4",
            "resolved": "https://registry.npmmirror.com/typescript/-/typescript-4.9.4.tgz",
            "integrity": "sha512-Uz+dTXYzxXXbsFpM86Wh3dKCxrQqUcVMxwU54orwlJjOpO3ao8L7j5lH+dWfTwgCwIuM9GQ2kvVotzYJMXTBZg==",
            "dev": true,
            "bin": {
                "tsc": "bin/tsc",
                "tsserver": "bin/tsserver"
            },
            "engines": {
                "node": ">=4.2.0"
            }
        },
        "node_modules/universalify": {
            "version": "2.0.0",
            "resolved": "https://registry.npmmirror.com/universalify/-/universalify-2.0.0.tgz",
            "integrity": "sha512-hAZsKq7Yy11Zu1DE0OzWjw7nnLZmJZYTDZZyEFHZdUhV8FkH5MCfoU1XMaxXovpyW5nq5scPqq0ZDP9Zyl04oQ==",
            "engines": {
                "node": ">= 10.0.0"
            }
        },
        "node_modules/util-deprecate": {
            "version": "1.0.2",
            "resolved": "https://registry.npmjs.org/util-deprecate/-/util-deprecate-1.0.2.tgz",
            "integrity": "sha512-EPD5q1uXyFxJpCrLnCc1nHnq3gOa6DZBocAIiI2TaSCA7VCJ1UJDMagCzIkXNsUYfD1daK//LTEQ8xiIbrHtcw==",
            "dev": true
        },
        "node_modules/wrappy": {
            "version": "1.0.2",
            "resolved": "https://registry.npmjs.org/wrappy/-/wrappy-1.0.2.tgz",
            "integrity": "sha512-l4Sp/DRseor9wL6EvV2+TuQn63dMkPjZ/sp9XkghTEbV9KlPS1xUsZ3u7/IQO4wxtcFB4bgpQPRcR3QCvezPcQ==",
            "dev": true
        },
        "node_modules/xtend": {
            "version": "4.0.2",
            "resolved": "https://registry.npmjs.org/xtend/-/xtend-4.0.2.tgz",
            "integrity": "sha512-LKYU1iAXJXUgAXn9URjiu+MWhyUXHsvfp7mcuYm9dSUKK0/CjtrUwFAxD82/mCWbtLsGjFIad0wIsod4zrTAEQ==",
            "dev": true,
            "engines": {
                "node": ">=0.4"
            }
        },
        "node_modules/yauzl": {
            "version": "2.10.0",
            "resolved": "https://registry.npmjs.org/yauzl/-/yauzl-2.10.0.tgz",
            "integrity": "sha512-p4a9I6X6nu6IhoGmBqAcbJy1mlC4j27vEPZX9F4L4/vZT3Lyq1VkFHw/V/PUcB9Buo+DG3iHkT0x3Qya58zc3g==",
            "dev": true,
            "dependencies": {
                "buffer-crc32": "~0.2.3",
                "fd-slicer": "~1.1.0"
            }
        },
        "node_modules/yazl": {
            "version": "2.5.1",
            "resolved": "https://registry.npmjs.org/yazl/-/yazl-2.5.1.tgz",
            "integrity": "sha512-phENi2PLiHnHb6QBVot+dJnaAZ0xosj7p3fWl+znIjBDlnMI2PsZCJZ306BPTFOaHf5qdDEI8x5qFrSOBN5vrw==",
            "dev": true,
            "dependencies": {
                "buffer-crc32": "~0.2.3"
            }
        }
    },
    "dependencies": {
        "@types/body-parser": {
            "version": "1.19.2",
            "resolved": "https://registry.npmjs.org/@types/body-parser/-/body-parser-1.19.2.tgz",
            "integrity": "sha512-ALYone6pm6QmwZoAgeyNksccT9Q4AWZQ6PvfwR37GT6r6FWUPguq6sUmNGSMV2Wr761oQoBxwGGa6DR5o1DC9g==",
            "dev": true,
            "requires": {
                "@types/connect": "*",
                "@types/node": "*"
            }
        },
        "@types/compression": {
            "version": "1.7.2",
            "resolved": "https://registry.npmjs.org/@types/compression/-/compression-1.7.2.tgz",
            "integrity": "sha512-lwEL4M/uAGWngWFLSG87ZDr2kLrbuR8p7X+QZB1OQlT+qkHsCPDVFnHPyXf4Vyl4yDDorNY+mAhosxkCvppatg==",
            "dev": true,
            "requires": {
                "@types/express": "*"
            }
        },
        "@types/connect": {
            "version": "3.4.35",
            "resolved": "https://registry.npmjs.org/@types/connect/-/connect-3.4.35.tgz",
            "integrity": "sha512-cdeYyv4KWoEgpBISTxWvqYsVy444DOqehiF3fM3ne10AmJ62RSyNkUnxMJXHQWRQQX2eR94m5y1IZyDwBjV9FQ==",
            "dev": true,
            "requires": {
                "@types/node": "*"
            }
        },
        "@types/express": {
            "version": "4.17.15",
            "resolved": "https://registry.npmjs.org/@types/express/-/express-4.17.15.tgz",
            "integrity": "sha512-Yv0k4bXGOH+8a+7bELd2PqHQsuiANB+A8a4gnQrkRWzrkKlb6KHaVvyXhqs04sVW/OWlbPyYxRgYlIXLfrufMQ==",
            "dev": true,
            "requires": {
                "@types/body-parser": "*",
                "@types/express-serve-static-core": "^4.17.31",
                "@types/qs": "*",
                "@types/serve-static": "*"
            }
        },
        "@types/express-serve-static-core": {
            "version": "4.17.32",
            "resolved": "https://registry.npmjs.org/@types/express-serve-static-core/-/express-serve-static-core-4.17.32.tgz",
            "integrity": "sha512-aI5h/VOkxOF2Z1saPy0Zsxs5avets/iaiAJYznQFm5By/pamU31xWKL//epiF4OfUA2qTOc9PV6tCUjhO8wlZA==",
            "dev": true,
            "requires": {
                "@types/node": "*",
                "@types/qs": "*",
                "@types/range-parser": "*"
            }
        },
        "@types/fs-extra": {
            "version": "9.0.13",
            "resolved": "https://registry.npmmirror.com/@types/fs-extra/-/fs-extra-9.0.13.tgz",
            "integrity": "sha512-nEnwB++1u5lVDM2UI4c1+5R+FYaKfaAzS4OococimjVm3nQw3TuzH5UNsocrcTBbhnerblyHj4A49qXbIiZdpA==",
            "dev": true,
            "requires": {
                "@types/node": "*"
            }
        },
        "@types/mime": {
            "version": "3.0.1",
            "resolved": "https://registry.npmjs.org/@types/mime/-/mime-3.0.1.tgz",
            "integrity": "sha512-Y4XFY5VJAuw0FgAqPNd6NNoV44jbq9Bz2L7Rh/J6jLTiHBSBJa9fxqQIvkIld4GsoDOcCbvzOUAbLPsSKKg+uA==",
            "dev": true
        },
        "@types/node": {
            "version": "18.11.12",
            "resolved": "https://registry.npmmirror.com/@types/node/-/node-18.11.12.tgz",
            "integrity": "sha512-FgD3NtTAKvyMmD44T07zz2fEf+OKwutgBCEVM8GcvMGVGaDktiLNTDvPwC/LUe3PinMW+X6CuLOF2Ui1mAlSXg==",
            "dev": true
        },
        "@types/qs": {
            "version": "6.9.7",
            "resolved": "https://registry.npmjs.org/@types/qs/-/qs-6.9.7.tgz",
            "integrity": "sha512-FGa1F62FT09qcrueBA6qYTrJPVDzah9a+493+o2PCXsesWHIn27G98TsSMs3WPNbZIEj4+VJf6saSFpvD+3Zsw==",
            "dev": true
        },
        "@types/range-parser": {
            "version": "1.2.4",
            "resolved": "https://registry.npmjs.org/@types/range-parser/-/range-parser-1.2.4.tgz",
            "integrity": "sha512-EEhsLsD6UsDM1yFhAvy0Cjr6VwmpMWqFBCb9w07wVugF7w9nfajxLuVmngTIpgS6svCnm6Vaw+MZhoDCKnOfsw==",
            "dev": true
        },
        "@types/serve-static": {
            "version": "1.15.0",
            "resolved": "https://registry.npmjs.org/@types/serve-static/-/serve-static-1.15.0.tgz",
            "integrity": "sha512-z5xyF6uh8CbjAu9760KDKsH2FcDxZ2tFCsA4HIMWE6IkiYMXfVoa+4f9KX+FN0ZLsaMw1WNG2ETLA6N+/YA+cg==",
            "dev": true,
            "requires": {
                "@types/mime": "*",
                "@types/node": "*"
            }
        },
        "asynckit": {
            "version": "0.4.0",
            "resolved": "https://registry.npmmirror.com/asynckit/-/asynckit-0.4.0.tgz",
            "integrity": "sha512-Oei9OH4tRh0YqU3GxhX79dM/mwVgvbZJaSNaRk+bshkj0S5cfHcgYakreBjrHwatXKbz+IoIdYLxrKim2MjW0Q=="
        },
        "axios": {
            "version": "1.2.1",
            "resolved": "https://registry.npmmirror.com/axios/-/axios-1.2.1.tgz",
            "integrity": "sha512-I88cFiGu9ryt/tfVEi4kX2SITsvDddTajXTOFmt2uK1ZVA8LytjtdeyefdQWEf5PU8w+4SSJDoYnggflB5tW4A==",
            "requires": {
                "follow-redirects": "^1.15.0",
                "form-data": "^4.0.0",
                "proxy-from-env": "^1.1.0"
            }
        },
        "bl": {
            "version": "1.2.3",
            "resolved": "https://registry.npmjs.org/bl/-/bl-1.2.3.tgz",
            "integrity": "sha512-pvcNpa0UU69UT341rO6AYy4FVAIkUHuZXRIWbq+zHnsVcRzDDjIAhGuuYoi0d//cwIwtt4pkpKycWEfjdV+vww==",
            "dev": true,
            "requires": {
                "readable-stream": "^2.3.5",
                "safe-buffer": "^5.1.1"
            }
        },
        "buffer-alloc": {
            "version": "1.2.0",
            "resolved": "https://registry.npmjs.org/buffer-alloc/-/buffer-alloc-1.2.0.tgz",
            "integrity": "sha512-CFsHQgjtW1UChdXgbyJGtnm+O/uLQeZdtbDo8mfUgYXCHSM1wgrVxXm6bSyrUuErEb+4sYVGCzASBRot7zyrow==",
            "dev": true,
            "requires": {
                "buffer-alloc-unsafe": "^1.1.0",
                "buffer-fill": "^1.0.0"
            }
        },
        "buffer-alloc-unsafe": {
            "version": "1.1.0",
            "resolved": "https://registry.npmjs.org/buffer-alloc-unsafe/-/buffer-alloc-unsafe-1.1.0.tgz",
            "integrity": "sha512-TEM2iMIEQdJ2yjPJoSIsldnleVaAk1oW3DBVUykyOLsEsFmEc9kn+SFFPz+gl54KQNxlDnAwCXosOS9Okx2xAg==",
            "dev": true
        },
        "buffer-crc32": {
            "version": "0.2.13",
            "resolved": "https://registry.npmjs.org/buffer-crc32/-/buffer-crc32-0.2.13.tgz",
            "integrity": "sha512-VO9Ht/+p3SN7SKWqcrgEzjGbRSJYTx+Q1pTQC0wrWqHx0vpJraQ6GtHx8tvcg1rlK1byhU5gccxgOgj7B0TDkQ==",
            "dev": true
        },
        "buffer-fill": {
            "version": "1.0.0",
            "resolved": "https://registry.npmjs.org/buffer-fill/-/buffer-fill-1.0.0.tgz",
            "integrity": "sha512-T7zexNBwiiaCOGDg9xNX9PBmjrubblRkENuptryuI64URkXDFum9il/JGL8Lm8wYfAXpredVXXZz7eMHilimiQ==",
            "dev": true
        },
        "combined-stream": {
            "version": "1.0.8",
            "resolved": "https://registry.npmmirror.com/combined-stream/-/combined-stream-1.0.8.tgz",
            "integrity": "sha512-FQN4MRfuJeHf7cBbBMJFXhKSDq+2kAArBlmRBvcvFE5BB1HZKXtSFASDhdlz9zOYwxh8lDdnvmMOe/+5cdoEdg==",
            "requires": {
                "delayed-stream": "~1.0.0"
            }
        },
        "compressing": {
            "version": "1.6.3",
            "resolved": "https://registry.npmjs.org/compressing/-/compressing-1.6.3.tgz",
            "integrity": "sha512-BPkE937R8kXT1k55PgnVgMpCAs4Ws5ZgROx+qZEaYIi0tA4nvB9s5HAX/YH5suYp9njGGJOKEAOHhB3OQ5/IJA==",
            "dev": true,
            "requires": {
                "flushwritable": "^1.0.0",
                "get-ready": "^1.0.0",
                "iconv-lite": "^0.5.0",
                "mkdirp": "^0.5.1",
                "pump": "^3.0.0",
                "streamifier": "^0.1.1",
                "tar-stream": "^1.5.2",
                "yauzl": "^2.7.0",
                "yazl": "^2.4.2"
            }
        },
        "core-util-is": {
            "version": "1.0.3",
            "resolved": "https://registry.npmjs.org/core-util-is/-/core-util-is-1.0.3.tgz",
            "integrity": "sha512-ZQBvi1DcpJ4GDqanjucZ2Hj3wEO5pZDS89BWbkcrvdxksJorwUDDZamX9ldFkp9aw2lmBDLgkObEA4DWNJ9FYQ==",
            "dev": true
        },
        "delayed-stream": {
            "version": "1.0.0",
            "resolved": "https://registry.npmmirror.com/delayed-stream/-/delayed-stream-1.0.0.tgz",
            "integrity": "sha512-ZySD7Nf91aLB0RxL4KGrKHBXl7Eds1DAmEdcoVawXnLD7SDhpNgtuII2aAkg7a7QS41jxPSZ17p4VdGnMHk3MQ=="
        },
        "end-of-stream": {
            "version": "1.4.4",
            "resolved": "https://registry.npmjs.org/end-of-stream/-/end-of-stream-1.4.4.tgz",
            "integrity": "sha512-+uw1inIHVPQoaVuHzRyXd21icM+cnt4CzD5rW+NC1wjOUSTOs+Te7FOv7AhN7vS9x/oIyhLP5PR1H+phQAHu5Q==",
            "dev": true,
            "requires": {
                "once": "^1.4.0"
            }
        },
        "fd-slicer": {
            "version": "1.1.0",
            "resolved": "https://registry.npmjs.org/fd-slicer/-/fd-slicer-1.1.0.tgz",
            "integrity": "sha512-cE1qsB/VwyQozZ+q1dGxR8LBYNZeofhEdUNGSMbQD3Gw2lAzX9Zb3uIU6Ebc/Fmyjo9AWWfnn0AUCHqtevs/8g==",
            "dev": true,
            "requires": {
                "pend": "~1.2.0"
            }
        },
        "flushwritable": {
            "version": "1.0.0",
            "resolved": "https://registry.npmjs.org/flushwritable/-/flushwritable-1.0.0.tgz",
            "integrity": "sha512-3VELfuWCLVzt5d2Gblk8qcqFro6nuwvxwMzHaENVDHI7rxcBRtMCwTk/E9FXcgh+82DSpavPNDueA9+RxXJoFg==",
            "dev": true
        },
        "follow-redirects": {
            "version": "1.15.2",
            "resolved": "https://registry.npmmirror.com/follow-redirects/-/follow-redirects-1.15.2.tgz",
            "integrity": "sha512-VQLG33o04KaQ8uYi2tVNbdrWp1QWxNNea+nmIB4EVM28v0hmP17z7aG1+wAkNzVq4KeXTq3221ye5qTJP91JwA=="
        },
        "form-data": {
            "version": "4.0.0",
            "resolved": "https://registry.npmmirror.com/form-data/-/form-data-4.0.0.tgz",
            "integrity": "sha512-ETEklSGi5t0QMZuiXoA/Q6vcnxcLQP5vdugSpuAyi6SVGi2clPPp+xgEhuMaHC+zGgn31Kd235W35f7Hykkaww==",
            "requires": {
                "asynckit": "^0.4.0",
                "combined-stream": "^1.0.8",
                "mime-types": "^2.1.12"
            }
        },
        "fs-constants": {
            "version": "1.0.0",
            "resolved": "https://registry.npmjs.org/fs-constants/-/fs-constants-1.0.0.tgz",
            "integrity": "sha512-y6OAwoSIf7FyjMIv94u+b5rdheZEjzR63GTyZJm5qh4Bi+2YgwLCcI/fPFZkL5PSixOt6ZNKm+w+Hfp/Bciwow==",
            "dev": true
        },
        "fs-extra": {
            "version": "11.1.0",
            "resolved": "https://registry.npmmirror.com/fs-extra/-/fs-extra-11.1.0.tgz",
            "integrity": "sha512-0rcTq621PD5jM/e0a3EJoGC/1TC5ZBCERW82LQuwfGnCa1V8w7dpYH1yNu+SLb6E5dkeCBzKEyLGlFrnr+dUyw==",
            "requires": {
                "graceful-fs": "^4.2.0",
                "jsonfile": "^6.0.1",
                "universalify": "^2.0.0"
            }
        },
        "get-ready": {
            "version": "1.0.0",
            "resolved": "https://registry.npmjs.org/get-ready/-/get-ready-1.0.0.tgz",
            "integrity": "sha512-mFXCZPJIlcYcth+N8267+mghfYN9h3EhsDa6JSnbA3Wrhh/XFpuowviFcsDeYZtKspQyWyJqfs4O6P8CHeTwzw==",
            "dev": true
        },
        "graceful-fs": {
            "version": "4.2.10",
            "resolved": "https://registry.npmmirror.com/graceful-fs/-/graceful-fs-4.2.10.tgz",
            "integrity": "sha512-9ByhssR2fPVsNZj478qUUbKfmL0+t5BDVyjShtyZZLiK7ZDAArFFfopyOTj0M05wE2tJPisA4iTnnXl2YoPvOA=="
        },
        "iconv-lite": {
            "version": "0.5.2",
            "resolved": "https://registry.npmjs.org/iconv-lite/-/iconv-lite-0.5.2.tgz",
            "integrity": "sha512-kERHXvpSaB4aU3eANwidg79K8FlrN77m8G9V+0vOR3HYaRifrlwMEpT7ZBJqLSEIHnEgJTHcWK82wwLwwKwtag==",
            "dev": true,
            "requires": {
                "safer-buffer": ">= 2.1.2 < 3"
            }
        },
        "inherits": {
            "version": "2.0.4",
            "resolved": "https://registry.npmjs.org/inherits/-/inherits-2.0.4.tgz",
            "integrity": "sha512-k/vGaX4/Yla3WzyMCvTQOXYeIHvqOKtnqBduzTHpzpQZzAskKMhZ2K+EnBiSM9zGSoIFeMpXKxa4dYeZIQqewQ==",
            "dev": true
        },
        "isarray": {
            "version": "1.0.0",
            "resolved": "https://registry.npmjs.org/isarray/-/isarray-1.0.0.tgz",
            "integrity": "sha512-VLghIWNM6ELQzo7zwmcg0NmTVyWKYjvIeM83yjp0wRDTmUnrM678fQbcKBo6n2CJEF0szoG//ytg+TKla89ALQ==",
            "dev": true
        },
        "jsonfile": {
            "version": "6.1.0",
            "resolved": "https://registry.npmmirror.com/jsonfile/-/jsonfile-6.1.0.tgz",
            "integrity": "sha512-5dgndWOriYSm5cnYaJNhalLNDKOqFwyDB/rr1E9ZsGciGvKPs8R2xYGCacuf3z6K1YKDz182fd+fY3cn3pMqXQ==",
            "requires": {
                "graceful-fs": "^4.1.6",
                "universalify": "^2.0.0"
            }
        },
        "mime-db": {
            "version": "1.52.0",
            "resolved": "https://registry.npmmirror.com/mime-db/-/mime-db-1.52.0.tgz",
            "integrity": "sha512-sPU4uV7dYlvtWJxwwxHD0PuihVNiE7TyAbQ5SWxDCB9mUYvOgroQOwYQQOKPJ8CIbE+1ETVlOoK1UC2nU3gYvg=="
        },
        "mime-types": {
            "version": "2.1.35",
            "resolved": "https://registry.npmmirror.com/mime-types/-/mime-types-2.1.35.tgz",
            "integrity": "sha512-ZDY+bPm5zTTF+YpCrAU9nK0UgICYPT0QtT1NZWFv4s++TNkcgVaT0g6+4R2uI4MjQjzysHB1zxuWL50hzaeXiw==",
            "requires": {
                "mime-db": "1.52.0"
            }
        },
        "minimist": {
            "version": "1.2.7",
            "resolved": "https://registry.npmjs.org/minimist/-/minimist-1.2.7.tgz",
            "integrity": "sha512-bzfL1YUZsP41gmu/qjrEk0Q6i2ix/cVeAhbCbqH9u3zYutS1cLg00qhrD0M2MVdCcx4Sc0UpP2eBWo9rotpq6g==",
            "dev": true
        },
        "mkdirp": {
            "version": "0.5.6",
            "resolved": "https://registry.npmjs.org/mkdirp/-/mkdirp-0.5.6.tgz",
            "integrity": "sha512-FP+p8RB8OWpF3YZBCrP5gtADmtXApB5AMLn+vdyA+PyxCjrCs00mjyUozssO33cwDeT3wNGdLxJ5M//YqtHAJw==",
            "dev": true,
            "requires": {
                "minimist": "^1.2.6"
            }
        },
        "once": {
            "version": "1.4.0",
            "resolved": "https://registry.npmjs.org/once/-/once-1.4.0.tgz",
            "integrity": "sha512-lNaJgI+2Q5URQBkccEKHTQOPaXdUxnZZElQTZY0MFUAuaEqe1E+Nyvgdz/aIyNi6Z9MzO5dv1H8n58/GELp3+w==",
            "dev": true,
            "requires": {
                "wrappy": "1"
            }
        },
        "pend": {
            "version": "1.2.0",
            "resolved": "https://registry.npmjs.org/pend/-/pend-1.2.0.tgz",
            "integrity": "sha512-F3asv42UuXchdzt+xXqfW1OGlVBe+mxa2mqI0pg5yAHZPvFmY3Y6drSf/GQ1A86WgWEN9Kzh/WrgKa6iGcHXLg==",
            "dev": true
        },
        "process-nextick-args": {
            "version": "2.0.1",
            "resolved": "https://registry.npmjs.org/process-nextick-args/-/process-nextick-args-2.0.1.tgz",
            "integrity": "sha512-3ouUOpQhtgrbOa17J7+uxOTpITYWaGP7/AhoR3+A+/1e9skrzelGi/dXzEYyvbxubEF6Wn2ypscTKiKJFFn1ag==",
            "dev": true
        },
        "proxy-from-env": {
            "version": "1.1.0",
            "resolved": "https://registry.npmmirror.com/proxy-from-env/-/proxy-from-env-1.1.0.tgz",
            "integrity": "sha512-D+zkORCbA9f1tdWRK0RaCR3GPv50cMxcrz4X8k5LTSUD1Dkw47mKJEZQNunItRTkWwgtaUSo1RVFRIG9ZXiFYg=="
        },
        "pump": {
            "version": "3.0.0",
            "resolved": "https://registry.npmjs.org/pump/-/pump-3.0.0.tgz",
            "integrity": "sha512-LwZy+p3SFs1Pytd/jYct4wpv49HiYCqd9Rlc5ZVdk0V+8Yzv6jR5Blk3TRmPL1ft69TxP0IMZGJ+WPFU2BFhww==",
            "dev": true,
            "requires": {
                "end-of-stream": "^1.1.0",
                "once": "^1.3.1"
            }
        },
        "readable-stream": {
            "version": "2.3.7",
            "resolved": "https://registry.npmjs.org/readable-stream/-/readable-stream-2.3.7.tgz",
            "integrity": "sha512-Ebho8K4jIbHAxnuxi7o42OrZgF/ZTNcsZj6nRKyUmkhLFq8CHItp/fy6hQZuZmP/n3yZ9VBUbp4zz/mX8hmYPw==",
            "dev": true,
            "requires": {
                "core-util-is": "~1.0.0",
                "inherits": "~2.0.3",
                "isarray": "~1.0.0",
                "process-nextick-args": "~2.0.0",
                "safe-buffer": "~5.1.1",
                "string_decoder": "~1.1.1",
                "util-deprecate": "~1.0.1"
            },
            "dependencies": {
                "safe-buffer": {
                    "version": "5.1.2",
                    "resolved": "https://registry.npmjs.org/safe-buffer/-/safe-buffer-5.1.2.tgz",
                    "integrity": "sha512-Gd2UZBJDkXlY7GbJxfsE8/nvKkUEU1G38c1siN6QP6a9PT9MmHB8GnpscSmMJSoF8LOIrt8ud/wPtojys4G6+g==",
                    "dev": true
                }
            }
        },
        "safe-buffer": {
            "version": "5.2.1",
            "resolved": "https://registry.npmjs.org/safe-buffer/-/safe-buffer-5.2.1.tgz",
            "integrity": "sha512-rp3So07KcdmmKbGvgaNxQSJr7bGVSVk5S9Eq1F+ppbRo70+YeaDxkw5Dd8NPN+GD6bjnYm2VuPuCXmpuYvmCXQ==",
            "dev": true
        },
        "safer-buffer": {
            "version": "2.1.2",
            "resolved": "https://registry.npmjs.org/safer-buffer/-/safer-buffer-2.1.2.tgz",
            "integrity": "sha512-YZo3K82SD7Riyi0E1EQPojLz7kpepnSQI9IyPbHHg1XXXevb5dJI7tpyN2ADxGcQbHG7vcyRHk0cbwqcQriUtg==",
            "dev": true
        },
        "streamifier": {
            "version": "0.1.1",
            "resolved": "https://registry.npmjs.org/streamifier/-/streamifier-0.1.1.tgz",
            "integrity": "sha512-zDgl+muIlWzXNsXeyUfOk9dChMjlpkq0DRsxujtYPgyJ676yQ8jEm6zzaaWHFDg5BNcLuif0eD2MTyJdZqXpdg==",
            "dev": true
        },
        "string_decoder": {
            "version": "1.1.1",
            "resolved": "https://registry.npmjs.org/string_decoder/-/string_decoder-1.1.1.tgz",
            "integrity": "sha512-n/ShnvDi6FHbbVfviro+WojiFzv+s8MPMHBczVePfUpDJLwoLT0ht1l4YwBCbi8pJAveEEdnkHyPyTP/mzRfwg==",
            "dev": true,
            "requires": {
                "safe-buffer": "~5.1.0"
            },
            "dependencies": {
                "safe-buffer": {
                    "version": "5.1.2",
                    "resolved": "https://registry.npmjs.org/safe-buffer/-/safe-buffer-5.1.2.tgz",
                    "integrity": "sha512-Gd2UZBJDkXlY7GbJxfsE8/nvKkUEU1G38c1siN6QP6a9PT9MmHB8GnpscSmMJSoF8LOIrt8ud/wPtojys4G6+g==",
                    "dev": true
                }
            }
        },
        "tar-stream": {
            "version": "1.6.2",
            "resolved": "https://registry.npmjs.org/tar-stream/-/tar-stream-1.6.2.tgz",
            "integrity": "sha512-rzS0heiNf8Xn7/mpdSVVSMAWAoy9bfb1WOTYC78Z0UQKeKa/CWS8FOq0lKGNa8DWKAn9gxjCvMLYc5PGXYlK2A==",
            "dev": true,
            "requires": {
                "bl": "^1.0.0",
                "buffer-alloc": "^1.2.0",
                "end-of-stream": "^1.0.0",
                "fs-constants": "^1.0.0",
                "readable-stream": "^2.3.0",
                "to-buffer": "^1.1.1",
                "xtend": "^4.0.0"
            }
        },
        "to-buffer": {
            "version": "1.1.1",
            "resolved": "https://registry.npmjs.org/to-buffer/-/to-buffer-1.1.1.tgz",
            "integrity": "sha512-lx9B5iv7msuFYE3dytT+KE5tap+rNYw+K4jVkb9R/asAb+pbBSM17jtunHplhBe6RRJdZx3Pn2Jph24O32mOVg==",
            "dev": true
        },
        "tsxml": {
            "version": "0.1.0",
            "resolved": "https://registry.npmmirror.com/tsxml/-/tsxml-0.1.0.tgz",
            "integrity": "sha512-jBHz0P3aWGjGDEnpSHYis126DtigXBGd/Gmy27/v2E50KX2a72sGDf2yK4U9IuOrnq4TsoQ+xWFLWOCyHX+ljg=="
        },
        "typescript": {
            "version": "4.9.4",
            "resolved": "https://registry.npmmirror.com/typescript/-/typescript-4.9.4.tgz",
            "integrity": "sha512-Uz+dTXYzxXXbsFpM86Wh3dKCxrQqUcVMxwU54orwlJjOpO3ao8L7j5lH+dWfTwgCwIuM9GQ2kvVotzYJMXTBZg==",
            "dev": true
        },
        "universalify": {
            "version": "2.0.0",
            "resolved": "https://registry.npmmirror.com/universalify/-/universalify-2.0.0.tgz",
            "integrity": "sha512-hAZsKq7Yy11Zu1DE0OzWjw7nnLZmJZYTDZZyEFHZdUhV8FkH5MCfoU1XMaxXovpyW5nq5scPqq0ZDP9Zyl04oQ=="
        },
        "util-deprecate": {
            "version": "1.0.2",
            "resolved": "https://registry.npmjs.org/util-deprecate/-/util-deprecate-1.0.2.tgz",
            "integrity": "sha512-EPD5q1uXyFxJpCrLnCc1nHnq3gOa6DZBocAIiI2TaSCA7VCJ1UJDMagCzIkXNsUYfD1daK//LTEQ8xiIbrHtcw==",
            "dev": true
        },
        "wrappy": {
            "version": "1.0.2",
            "resolved": "https://registry.npmjs.org/wrappy/-/wrappy-1.0.2.tgz",
            "integrity": "sha512-l4Sp/DRseor9wL6EvV2+TuQn63dMkPjZ/sp9XkghTEbV9KlPS1xUsZ3u7/IQO4wxtcFB4bgpQPRcR3QCvezPcQ==",
            "dev": true
        },
        "xtend": {
            "version": "4.0.2",
            "resolved": "https://registry.npmjs.org/xtend/-/xtend-4.0.2.tgz",
            "integrity": "sha512-LKYU1iAXJXUgAXn9URjiu+MWhyUXHsvfp7mcuYm9dSUKK0/CjtrUwFAxD82/mCWbtLsGjFIad0wIsod4zrTAEQ==",
            "dev": true
        },
        "yauzl": {
            "version": "2.10.0",
            "resolved": "https://registry.npmjs.org/yauzl/-/yauzl-2.10.0.tgz",
            "integrity": "sha512-p4a9I6X6nu6IhoGmBqAcbJy1mlC4j27vEPZX9F4L4/vZT3Lyq1VkFHw/V/PUcB9Buo+DG3iHkT0x3Qya58zc3g==",
            "dev": true,
            "requires": {
                "buffer-crc32": "~0.2.3",
                "fd-slicer": "~1.1.0"
            }
        },
        "yazl": {
            "version": "2.5.1",
            "resolved": "https://registry.npmjs.org/yazl/-/yazl-2.5.1.tgz",
            "integrity": "sha512-phENi2PLiHnHb6QBVot+dJnaAZ0xosj7p3fWl+znIjBDlnMI2PsZCJZ306BPTFOaHf5qdDEI8x5qFrSOBN5vrw==",
            "dev": true,
            "requires": {
                "buffer-crc32": "~0.2.3"
            }
        }
    }
}
